
Microsoft Visual Studio Solution File, Format Version 12.00
# Visual Studio Version 17
VisualStudioVersion = 17.3.32825.248
MinimumVisualStudioVersion = 10.0.40219.1
Project("{FAE04EC0-301F-11D3-BF4B-00C04F79EFBC}") = "LearnVocab", "LearnVocab\LearnVocab.csproj", "{924815DF-E66D-491A-B737-ECDC158569BE}"
EndProject
Global
	GlobalSection(SolutionConfigurationPlatforms) = preSolution
		Debug|Any CPU = Debug|Any CPU
		Release|Any CPU = Release|Any CPU
	EndGlobalSection
	GlobalSection(ProjectConfigurationPlatforms) = postSolution
		{924815DF-E66D-491A-B737-ECDC158569BE}.Debug|Any CPU.ActiveCfg = Debug|Any CPU
		{924815DF-E66D-491A-B737-ECDC158569BE}.Debug|Any CPU.Build.0 = Debug|Any CPU
		{924815DF-E66D-491A-B737-ECDC158569BE}.Release|Any CPU.ActiveCfg = Release|Any CPU
		{924815DF-E66D-491A-B737-ECDC158569BE}.Release|Any CPU.Build.0 = Release|Any CPU
	EndGlobalSection
	GlobalSection(SolutionProperties) = preSolution
		HideSolutionNode = FALSE
	EndGlobalSection
	GlobalSection(ExtensibilityGlobals) = postSolution
		SolutionGuid = {1FF0A4DA-F15E-48CB-9A3C-658DDA8B92B7}
	EndGlobalSection
EndGlobal
